
Microsoft Visual Studio Solution File, Format Version 12.00
# Visual Studio Version 17
VisualStudioVersion = 17.3.32929.385
MinimumVisualStudioVersion = 10.0.40219.1
Project("{FAE04EC0-301F-11D3-BF4B-00C04F79EFBC}") = "Properties.Net5.0", "Properties.Net5.0\Properties.Net5.0.csproj", "{FF2B82AD-09D7-4078-8D54-F340E316C0B7}"
EndProject
Global
	GlobalSection(SolutionConfigurationPlatforms) = preSolution
		Debug|Any CPU = Debug|Any CPU
		Release|Any CPU = Release|Any CPU
	EndGlobalSection
	GlobalSection(ProjectConfigurationPlatforms) = postSolution
		{FF2B82AD-09D7-4078-8D54-F340E316C0B7}.Debug|Any CPU.ActiveCfg = Debug|Any CPU
		{FF2B82AD-09D7-4078-8D54-F340E316C0B7}.Debug|Any CPU.Build.0 = Debug|Any CPU
		{FF2B82AD-09D7-4078-8D54-F340E316C0B7}.Release|Any CPU.ActiveCfg = Release|Any CPU
		{FF2B82AD-09D7-4078-8D54-F340E316C0B7}.Release|Any CPU.Build.0 = Release|Any CPU
	EndGlobalSection
	GlobalSection(SolutionProperties) = preSolution
		HideSolutionNode = FALSE
	EndGlobalSection
	GlobalSection(ExtensibilityGlobals) = postSolution
		SolutionGuid = {F09D4010-5E1D-4CBC-921D-D16789181EA2}
	EndGlobalSection
EndGlobal
